
Microsoft Visual Studio Solution File, Format Version 12.00
# Visual Studio Version 17
VisualStudioVersion = 17.7.34031.279
MinimumVisualStudioVersion = 10.0.40219.1
Project("{FAE04EC0-301F-11D3-BF4B-00C04F79EFBC}") = "ProductList", "ProductList\ProductList.csproj", "{3D2A6998-EFF8-4BE9-B1C1-D0EE6F95A21B}"
EndProject
Global
	GlobalSection(SolutionConfigurationPlatforms) = preSolution
		Debug|Any CPU = Debug|Any CPU
		Release|Any CPU = Release|Any CPU
	EndGlobalSection
	GlobalSection(ProjectConfigurationPlatforms) = postSolution
		{3D2A6998-EFF8-4BE9-B1C1-D0EE6F95A21B}.Debug|Any CPU.ActiveCfg = Debug|Any CPU
		{3D2A6998-EFF8-4BE9-B1C1-D0EE6F95A21B}.Debug|Any CPU.Build.0 = Debug|Any CPU
		{3D2A6998-EFF8-4BE9-B1C1-D0EE6F95A21B}.Release|Any CPU.ActiveCfg = Release|Any CPU
		{3D2A6998-EFF8-4BE9-B1C1-D0EE6F95A21B}.Release|Any CPU.Build.0 = Release|Any CPU
	EndGlobalSection
	GlobalSection(SolutionProperties) = preSolution
		HideSolutionNode = FALSE
	EndGlobalSection
	GlobalSection(ExtensibilityGlobals) = postSolution
		SolutionGuid = {ED8D3BF9-605A-424D-A6E7-E044D9277D54}
	EndGlobalSection
EndGlobal
