
Microsoft Visual Studio Solution File, Format Version 12.00
# Visual Studio Version 17
VisualStudioVersion = 17.7.34031.279
MinimumVisualStudioVersion = 10.0.40219.1
Project("{FAE04EC0-301F-11D3-BF4B-00C04F79EFBC}") = "ConsoleApp1", "ConsoleApp1\ConsoleApp1.csproj", "{844CF900-D90D-4F1C-AD6E-8785755CB6AE}"
EndProject
Global
	GlobalSection(SolutionConfigurationPlatforms) = preSolution
		Debug|Any CPU = Debug|Any CPU
		Release|Any CPU = Release|Any CPU
	EndGlobalSection
	GlobalSection(ProjectConfigurationPlatforms) = postSolution
		{844CF900-D90D-4F1C-AD6E-8785755CB6AE}.Debug|Any CPU.ActiveCfg = Debug|Any CPU
		{844CF900-D90D-4F1C-AD6E-8785755CB6AE}.Debug|Any CPU.Build.0 = Debug|Any CPU
		{844CF900-D90D-4F1C-AD6E-8785755CB6AE}.Release|Any CPU.ActiveCfg = Release|Any CPU
		{844CF900-D90D-4F1C-AD6E-8785755CB6AE}.Release|Any CPU.Build.0 = Release|Any CPU
	EndGlobalSection
	GlobalSection(SolutionProperties) = preSolution
		HideSolutionNode = FALSE
	EndGlobalSection
	GlobalSection(ExtensibilityGlobals) = postSolution
		SolutionGuid = {DB32F2AF-BC6F-4B89-962C-E95F5A76D597}
	EndGlobalSection
EndGlobal
