
Microsoft Visual Studio Solution File, Format Version 12.00
# Visual Studio Version 17
VisualStudioVersion = 17.7.34031.279
MinimumVisualStudioVersion = 10.0.40219.1
Project("{FAE04EC0-301F-11D3-BF4B-00C04F79EFBC}") = "ConsoleApp1", "ConsoleApp1\ConsoleApp1.csproj", "{1CB86E71-F5A7-4F2B-A41D-4D51E7976EF2}"
EndProject
Global
	GlobalSection(SolutionConfigurationPlatforms) = preSolution
		Debug|Any CPU = Debug|Any CPU
		Release|Any CPU = Release|Any CPU
	EndGlobalSection
	GlobalSection(ProjectConfigurationPlatforms) = postSolution
		{1CB86E71-F5A7-4F2B-A41D-4D51E7976EF2}.Debug|Any CPU.ActiveCfg = Debug|Any CPU
		{1CB86E71-F5A7-4F2B-A41D-4D51E7976EF2}.Debug|Any CPU.Build.0 = Debug|Any CPU
		{1CB86E71-F5A7-4F2B-A41D-4D51E7976EF2}.Release|Any CPU.ActiveCfg = Release|Any CPU
		{1CB86E71-F5A7-4F2B-A41D-4D51E7976EF2}.Release|Any CPU.Build.0 = Release|Any CPU
	EndGlobalSection
	GlobalSection(SolutionProperties) = preSolution
		HideSolutionNode = FALSE
	EndGlobalSection
	GlobalSection(ExtensibilityGlobals) = postSolution
		SolutionGuid = {3810D76B-58E5-457D-B612-084017A06C25}
	EndGlobalSection
EndGlobal
