
Microsoft Visual Studio Solution File, Format Version 12.00
# Visual Studio Version 17
VisualStudioVersion = 17.7.34031.279
MinimumVisualStudioVersion = 10.0.40219.1
Project("{FAE04EC0-301F-11D3-BF4B-00C04F79EFBC}") = "ConsoleApp3", "ConsoleApp3\ConsoleApp3.csproj", "{CF37C465-0AB9-4197-A480-78F44656857B}"
EndProject
Global
	GlobalSection(SolutionConfigurationPlatforms) = preSolution
		Debug|Any CPU = Debug|Any CPU
		Release|Any CPU = Release|Any CPU
	EndGlobalSection
	GlobalSection(ProjectConfigurationPlatforms) = postSolution
		{CF37C465-0AB9-4197-A480-78F44656857B}.Debug|Any CPU.ActiveCfg = Debug|Any CPU
		{CF37C465-0AB9-4197-A480-78F44656857B}.Debug|Any CPU.Build.0 = Debug|Any CPU
		{CF37C465-0AB9-4197-A480-78F44656857B}.Release|Any CPU.ActiveCfg = Release|Any CPU
		{CF37C465-0AB9-4197-A480-78F44656857B}.Release|Any CPU.Build.0 = Release|Any CPU
	EndGlobalSection
	GlobalSection(SolutionProperties) = preSolution
		HideSolutionNode = FALSE
	EndGlobalSection
	GlobalSection(ExtensibilityGlobals) = postSolution
		SolutionGuid = {615752CE-C75C-454D-A282-400649A4B981}
	EndGlobalSection
EndGlobal
